
Microsoft Visual Studio Solution File, Format Version 12.00
# Visual Studio Version 17
VisualStudioVersion = 17.10.35122.118
MinimumVisualStudioVersion = 10.0.40219.1
Project("{FAE04EC0-301F-11D3-BF4B-00C04F79EFBC}") = "Dairy Management", "Dairy Management\Dairy Management.csproj", "{1FF5DE77-39F4-424C-80F8-223118720873}"
EndProject
Global
	GlobalSection(SolutionConfigurationPlatforms) = preSolution
		Debug|Any CPU = Debug|Any CPU
		Release|Any CPU = Release|Any CPU
	EndGlobalSection
	GlobalSection(ProjectConfigurationPlatforms) = postSolution
		{1FF5DE77-39F4-424C-80F8-223118720873}.Debug|Any CPU.ActiveCfg = Debug|Any CPU
		{1FF5DE77-39F4-424C-80F8-223118720873}.Debug|Any CPU.Build.0 = Debug|Any CPU
		{1FF5DE77-39F4-424C-80F8-223118720873}.Release|Any CPU.ActiveCfg = Release|Any CPU
		{1FF5DE77-39F4-424C-80F8-223118720873}.Release|Any CPU.Build.0 = Release|Any CPU
	EndGlobalSection
	GlobalSection(SolutionProperties) = preSolution
		HideSolutionNode = FALSE
	EndGlobalSection
	GlobalSection(ExtensibilityGlobals) = postSolution
		SolutionGuid = {F3F00EE8-D4E2-4A7E-8629-408E73FFAF19}
	EndGlobalSection
EndGlobal
